// !$*UTF8*$!
{
	archiveVersion = 1;
	classes = {
	};
	objectVersion = 56;
	objects = {

/* Begin PBXBuildFile section */
		0A21C60C28D9931D00B0C645 /* AppDelegate.swift in Sources */ = {isa = PBXBuildFile; fileRef = 0A21C60B28D9931D00B0C645 /* AppDelegate.swift */; };
		0A21C61328D9931D00B0C645 /* Main.storyboard in Resources */ = {isa = PBXBuildFile; fileRef = 0A21C61128D9931D00B0C645 /* Main.storyboard */; };
		0A21C61528D9931E00B0C645 /* Assets.xcassets in Resources */ = {isa = PBXBuildFile; fileRef = 0A21C61428D9931E00B0C645 /* Assets.xcassets */; };
		0A21C61828D9931E00B0C645 /* LaunchScreen.storyboard in Resources */ = {isa = PBXBuildFile; fileRef = 0A21C61628D9931E00B0C645 /* LaunchScreen.storyboard */; };
		0A21C62228D9CD0400B0C645 /* HomeViewController.swift in Sources */ = {isa = PBXBuildFile; fileRef = 0A21C62128D9CD0400B0C645 /* HomeViewController.swift */; };
		0A21C62428D9CD0E00B0C645 /* HomeViewModel.swift in Sources */ = {isa = PBXBuildFile; fileRef = 0A21C62328D9CD0E00B0C645 /* HomeViewModel.swift */; };
		0A21C62C28D9CE9200B0C645 /* NetworkManager.swift in Sources */ = {isa = PBXBuildFile; fileRef = 0A21C62B28D9CE9200B0C645 /* NetworkManager.swift */; };
		0A21C62E28D9CEA700B0C645 /* API.swift in Sources */ = {isa = PBXBuildFile; fileRef = 0A21C62D28D9CEA700B0C645 /* API.swift */; };
		0A21C63028D9D26600B0C645 /* Constants.swift in Sources */ = {isa = PBXBuildFile; fileRef = 0A21C62F28D9D26600B0C645 /* Constants.swift */; };
		0A21C63528D9DF0100B0C645 /* MovieDetailResponse.swift in Sources */ = {isa = PBXBuildFile; fileRef = 0A21C63428D9DF0100B0C645 /* MovieDetailResponse.swift */; };
		0A21C63728D9DF0E00B0C645 /* SearchResponse.swift in Sources */ = {isa = PBXBuildFile; fileRef = 0A21C63628D9DF0E00B0C645 /* SearchResponse.swift */; };
		0A21C63D28D9F30200B0C645 /* HomeRemoteRepository.swift in Sources */ = {isa = PBXBuildFile; fileRef = 0A21C63C28D9F30200B0C645 /* HomeRemoteRepository.swift */; };
		0A21C63F28D9F3AC00B0C645 /* HomeRemoteDatasource.swift in Sources */ = {isa = PBXBuildFile; fileRef = 0A21C63E28D9F3AC00B0C645 /* HomeRemoteDatasource.swift */; };
		0A21C64128D9FF7300B0C645 /* BaseRepository.swift in Sources */ = {isa = PBXBuildFile; fileRef = 0A21C64028D9FF7300B0C645 /* BaseRepository.swift */; };
		0AA5A1FA28DAFFBF00E25D3E /* MovieDetailUseCase.swift in Sources */ = {isa = PBXBuildFile; fileRef = 0AA5A1F928DAFFBF00E25D3E /* MovieDetailUseCase.swift */; };
		0AA5A1FD28DB00AC00E25D3E /* MoviePopularUseCase.swift in Sources */ = {isa = PBXBuildFile; fileRef = 0AA5A1FC28DB00AC00E25D3E /* MoviePopularUseCase.swift */; };
		0AA5A1FF28DB00B800E25D3E /* MovieSearchUseCase.swift in Sources */ = {isa = PBXBuildFile; fileRef = 0AA5A1FE28DB00B800E25D3E /* MovieSearchUseCase.swift */; };
		9B06ABC372B6EF714CF3C5B2 /* Pods_BaseProjectMVVM_Clean.framework in Frameworks */ = {isa = PBXBuildFile; fileRef = 9EFE206918BE38AB44D5E3E7 /* Pods_BaseProjectMVVM_Clean.framework */; };
/* End PBXBuildFile section */

/* Begin PBXFileReference section */
		0A21C60828D9931D00B0C645 /* BaseProjectMVVM-Clean.app */ = {isa = PBXFileReference; explicitFileType = wrapper.application; includeInIndex = 0; path = "BaseProjectMVVM-Clean.app"; sourceTree = BUILT_PRODUCTS_DIR; };
		0A21C60B28D9931D00B0C645 /* AppDelegate.swift */ = {isa = PBXFileReference; lastKnownFileType = sourcecode.swift; path = AppDelegate.swift; sourceTree = "<group>"; };
		0A21C61228D9931D00B0C645 /* Base */ = {isa = PBXFileReference; lastKnownFileType = file.storyboard; name = Base; path = Base.lproj/Main.storyboard; sourceTree = "<group>"; };
		0A21C61428D9931E00B0C645 /* Assets.xcassets */ = {isa = PBXFileReference; lastKnownFileType = folder.assetcatalog; path = Assets.xcassets; sourceTree = "<group>"; };
		0A21C61728D9931E00B0C645 /* Base */ = {isa = PBXFileReference; lastKnownFileType = file.storyboard; name = Base; path = Base.lproj/LaunchScreen.storyboard; sourceTree = "<group>"; };
		0A21C61928D9931E00B0C645 /* Info.plist */ = {isa = PBXFileReference; lastKnownFileType = text.plist.xml; path = Info.plist; sourceTree = "<group>"; };
		0A21C62128D9CD0400B0C645 /* HomeViewController.swift */ = {isa = PBXFileReference; lastKnownFileType = sourcecode.swift; path = HomeViewController.swift; sourceTree = "<group>"; };
		0A21C62328D9CD0E00B0C645 /* HomeViewModel.swift */ = {isa = PBXFileReference; lastKnownFileType = sourcecode.swift; path = HomeViewModel.swift; sourceTree = "<group>"; };
		0A21C62B28D9CE9200B0C645 /* NetworkManager.swift */ = {isa = PBXFileReference; lastKnownFileType = sourcecode.swift; path = NetworkManager.swift; sourceTree = "<group>"; };
		0A21C62D28D9CEA700B0C645 /* API.swift */ = {isa = PBXFileReference; lastKnownFileType = sourcecode.swift; path = API.swift; sourceTree = "<group>"; };
		0A21C62F28D9D26600B0C645 /* Constants.swift */ = {isa = PBXFileReference; lastKnownFileType = sourcecode.swift; path = Constants.swift; sourceTree = "<group>"; };
		0A21C63428D9DF0100B0C645 /* MovieDetailResponse.swift */ = {isa = PBXFileReference; lastKnownFileType = sourcecode.swift; path = MovieDetailResponse.swift; sourceTree = "<group>"; };
		0A21C63628D9DF0E00B0C645 /* SearchResponse.swift */ = {isa = PBXFileReference; lastKnownFileType = sourcecode.swift; path = SearchResponse.swift; sourceTree = "<group>"; };
		0A21C63C28D9F30200B0C645 /* HomeRemoteRepository.swift */ = {isa = PBXFileReference; lastKnownFileType = sourcecode.swift; path = HomeRemoteRepository.swift; sourceTree = "<group>"; };
		0A21C63E28D9F3AC00B0C645 /* HomeRemoteDatasource.swift */ = {isa = PBXFileReference; lastKnownFileType = sourcecode.swift; path = HomeRemoteDatasource.swift; sourceTree = "<group>"; };
		0A21C64028D9FF7300B0C645 /* BaseRepository.swift */ = {isa = PBXFileReference; lastKnownFileType = sourcecode.swift; path = BaseRepository.swift; sourceTree = "<group>"; };
		0AA5A1F928DAFFBF00E25D3E /* MovieDetailUseCase.swift */ = {isa = PBXFileReference; lastKnownFileType = sourcecode.swift; path = MovieDetailUseCase.swift; sourceTree = "<group>"; };
		0AA5A1FC28DB00AC00E25D3E /* MoviePopularUseCase.swift */ = {isa = PBXFileReference; lastKnownFileType = sourcecode.swift; path = MoviePopularUseCase.swift; sourceTree = "<group>"; };
		0AA5A1FE28DB00B800E25D3E /* MovieSearchUseCase.swift */ = {isa = PBXFileReference; lastKnownFileType = sourcecode.swift; path = MovieSearchUseCase.swift; sourceTree = "<group>"; };
		9EFE206918BE38AB44D5E3E7 /* Pods_BaseProjectMVVM_Clean.framework */ = {isa = PBXFileReference; explicitFileType = wrapper.framework; includeInIndex = 0; path = Pods_BaseProjectMVVM_Clean.framework; sourceTree = BUILT_PRODUCTS_DIR; };
		AC6185FC553D8155290DCFC9 /* Pods-BaseProjectMVVM-Clean.debug.xcconfig */ = {isa = PBXFileReference; includeInIndex = 1; lastKnownFileType = text.xcconfig; name = "Pods-BaseProjectMVVM-Clean.debug.xcconfig"; path = "Target Support Files/Pods-BaseProjectMVVM-Clean/Pods-BaseProjectMVVM-Clean.debug.xcconfig"; sourceTree = "<group>"; };
		E0B37E16B919E5EDF09D9E7D /* Pods-BaseProjectMVVM-Clean.release.xcconfig */ = {isa = PBXFileReference; includeInIndex = 1; lastKnownFileType = text.xcconfig; name = "Pods-BaseProjectMVVM-Clean.release.xcconfig"; path = "Target Support Files/Pods-BaseProjectMVVM-Clean/Pods-BaseProjectMVVM-Clean.release.xcconfig"; sourceTree = "<group>"; };
/* End PBXFileReference section */

/* Begin PBXFrameworksBuildPhase section */
		0A21C60528D9931D00B0C645 /* Frameworks */ = {
			isa = PBXFrameworksBuildPhase;
			buildActionMask = 2147483647;
			files = (
				9B06ABC372B6EF714CF3C5B2 /* Pods_BaseProjectMVVM_Clean.framework in Frameworks */,
			);
			runOnlyForDeploymentPostprocessing = 0;
		};
/* End PBXFrameworksBuildPhase section */

/* Begin PBXGroup section */
		0A21C5FF28D9931D00B0C645 = {
			isa = PBXGroup;
			children = (
				0A21C60A28D9931D00B0C645 /* BaseProjectMVVM-Clean */,
				0A21C60928D9931D00B0C645 /* Products */,
				741D27E8D0FEE638B3294D7A /* Pods */,
				D270E82AE30848E8374D04C5 /* Frameworks */,
			);
			sourceTree = "<group>";
		};
		0A21C60928D9931D00B0C645 /* Products */ = {
			isa = PBXGroup;
			children = (
				0A21C60828D9931D00B0C645 /* BaseProjectMVVM-Clean.app */,
			);
			name = Products;
			sourceTree = "<group>";
		};
		0A21C60A28D9931D00B0C645 /* BaseProjectMVVM-Clean */ = {
			isa = PBXGroup;
			children = (
				0A21C62928D9CDE000B0C645 /* Resources */,
				0A21C62828D9CDC300B0C645 /* Application */,
				0A21C62628D9CDAD00B0C645 /* Helpers */,
				0A21C61F28D993A500B0C645 /* Modules */,
				0A21C62A28D9CDFD00B0C645 /* Storyboards */,
			);
			path = "BaseProjectMVVM-Clean";
			sourceTree = "<group>";
		};
		0A21C61F28D993A500B0C645 /* Modules */ = {
			isa = PBXGroup;
			children = (
				0A21C62028D9CCF200B0C645 /* Home */,
			);
			path = Modules;
			sourceTree = "<group>";
		};
		0A21C62028D9CCF200B0C645 /* Home */ = {
			isa = PBXGroup;
			children = (
				0A21C63128D9DEDD00B0C645 /* Repository */,
				0AA5A1F828DAFC2F00E25D3E /* UseCases */,
				0A21C63B28D9F2E100B0C645 /* Model */,
				0A21C63A28D9F2DC00B0C645 /* View */,
				0A21C63928D9F2D400B0C645 /* ViewModel */,
			);
			path = Home;
			sourceTree = "<group>";
		};
		0A21C62628D9CDAD00B0C645 /* Helpers */ = {
			isa = PBXGroup;
			children = (
				0A21C62728D9CDB200B0C645 /* Managers */,
				0A21C62D28D9CEA700B0C645 /* API.swift */,
				0A21C62F28D9D26600B0C645 /* Constants.swift */,
				0A21C64028D9FF7300B0C645 /* BaseRepository.swift */,
			);
			path = Helpers;
			sourceTree = "<group>";
		};
		0A21C62728D9CDB200B0C645 /* Managers */ = {
			isa = PBXGroup;
			children = (
				0A21C62B28D9CE9200B0C645 /* NetworkManager.swift */,
			);
			path = Managers;
			sourceTree = "<group>";
		};
		0A21C62828D9CDC300B0C645 /* Application */ = {
			isa = PBXGroup;
			children = (
				0A21C60B28D9931D00B0C645 /* AppDelegate.swift */,
			);
			path = Application;
			sourceTree = "<group>";
		};
		0A21C62928D9CDE000B0C645 /* Resources */ = {
			isa = PBXGroup;
			children = (
				0A21C61928D9931E00B0C645 /* Info.plist */,
				0A21C61428D9931E00B0C645 /* Assets.xcassets */,
			);
			path = Resources;
			sourceTree = "<group>";
		};
		0A21C62A28D9CDFD00B0C645 /* Storyboards */ = {
			isa = PBXGroup;
			children = (
				0A21C61128D9931D00B0C645 /* Main.storyboard */,
				0A21C61628D9931E00B0C645 /* LaunchScreen.storyboard */,
			);
			path = Storyboards;
			sourceTree = "<group>";
		};
		0A21C63128D9DEDD00B0C645 /* Repository */ = {
			isa = PBXGroup;
			children = (
				0A21C63C28D9F30200B0C645 /* HomeRemoteRepository.swift */,
				0AA5A1FB28DB007900E25D3E /* DataSource */,
			);
			path = Repository;
			sourceTree = "<group>";
		};
		0A21C63928D9F2D400B0C645 /* ViewModel */ = {
			isa = PBXGroup;
			children = (
				0A21C62328D9CD0E00B0C645 /* HomeViewModel.swift */,
			);
			name = ViewModel;
			sourceTree = "<group>";
		};
		0A21C63A28D9F2DC00B0C645 /* View */ = {
			isa = PBXGroup;
			children = (
				0A21C62128D9CD0400B0C645 /* HomeViewController.swift */,
			);
			name = View;
			sourceTree = "<group>";
		};
		0A21C63B28D9F2E100B0C645 /* Model */ = {
			isa = PBXGroup;
			children = (
				0A21C63628D9DF0E00B0C645 /* SearchResponse.swift */,
				0A21C63428D9DF0100B0C645 /* MovieDetailResponse.swift */,
			);
			name = Model;
			sourceTree = "<group>";
		};
		0AA5A1F828DAFC2F00E25D3E /* UseCases */ = {
			isa = PBXGroup;
			children = (
				0AA5A1F928DAFFBF00E25D3E /* MovieDetailUseCase.swift */,
				0AA5A1FC28DB00AC00E25D3E /* MoviePopularUseCase.swift */,
				0AA5A1FE28DB00B800E25D3E /* MovieSearchUseCase.swift */,
			);
			name = UseCases;
			sourceTree = "<group>";
		};
		0AA5A1FB28DB007900E25D3E /* DataSource */ = {
			isa = PBXGroup;
			children = (
				0A21C63E28D9F3AC00B0C645 /* HomeRemoteDatasource.swift */,
			);
			path = DataSource;
			sourceTree = "<group>";
		};
		741D27E8D0FEE638B3294D7A /* Pods */ = {
			isa = PBXGroup;
			children = (
				AC6185FC553D8155290DCFC9 /* Pods-BaseProjectMVVM-Clean.debug.xcconfig */,
				E0B37E16B919E5EDF09D9E7D /* Pods-BaseProjectMVVM-Clean.release.xcconfig */,
			);
			path = Pods;
			sourceTree = "<group>";
		};
		D270E82AE30848E8374D04C5 /* Frameworks */ = {
			isa = PBXGroup;
			children = (
				9EFE206918BE38AB44D5E3E7 /* Pods_BaseProjectMVVM_Clean.framework */,
			);
			name = Frameworks;
			sourceTree = "<group>";
		};
/* End PBXGroup section */

/* Begin PBXNativeTarget section */
		0A21C60728D9931D00B0C645 /* BaseProjectMVVM-Clean */ = {
			isa = PBXNativeTarget;
			buildConfigurationList = 0A21C61C28D9931E00B0C645 /* Build configuration list for PBXNativeTarget "BaseProjectMVVM-Clean" */;
			buildPhases = (
				8BFFB63EDF7307E6AE19398C /* [CP] Check Pods Manifest.lock */,
				0A21C60428D9931D00B0C645 /* Sources */,
				0A21C60528D9931D00B0C645 /* Frameworks */,
				0A21C60628D9931D00B0C645 /* Resources */,
				95597A82ACFAD6CD615F1F4B /* [CP] Embed Pods Frameworks */,
			);
			buildRules = (
			);
			dependencies = (
			);
			name = "BaseProjectMVVM-Clean";
			productName = "BaseProjectMVVM-Clean";
			productReference = 0A21C60828D9931D00B0C645 /* BaseProjectMVVM-Clean.app */;
			productType = "com.apple.product-type.application";
		};
/* End PBXNativeTarget section */

/* Begin PBXProject section */
		0A21C60028D9931D00B0C645 /* Project object */ = {
			isa = PBXProject;
			attributes = {
				BuildIndependentTargetsInParallel = 1;
				LastSwiftUpdateCheck = 1400;
				LastUpgradeCheck = 1400;
				TargetAttributes = {
					0A21C60728D9931D00B0C645 = {
						CreatedOnToolsVersion = 14.0;
					};
				};
			};
			buildConfigurationList = 0A21C60328D9931D00B0C645 /* Build configuration list for PBXProject "BaseProjectMVVM-Clean" */;
			compatibilityVersion = "Xcode 14.0";
			developmentRegion = en;
			hasScannedForEncodings = 0;
			knownRegions = (
				en,
				Base,
			);
			mainGroup = 0A21C5FF28D9931D00B0C645;
			productRefGroup = 0A21C60928D9931D00B0C645 /* Products */;
			projectDirPath = "";
			projectRoot = "";
			targets = (
				0A21C60728D9931D00B0C645 /* BaseProjectMVVM-Clean */,
			);
		};
/* End PBXProject section */

/* Begin PBXResourcesBuildPhase section */
		0A21C60628D9931D00B0C645 /* Resources */ = {
			isa = PBXResourcesBuildPhase;
			buildActionMask = 2147483647;
			files = (
				0A21C61828D9931E00B0C645 /* LaunchScreen.storyboard in Resources */,
				0A21C61528D9931E00B0C645 /* Assets.xcassets in Resources */,
				0A21C61328D9931D00B0C645 /* Main.storyboard in Resources */,
			);
			runOnlyForDeploymentPostprocessing = 0;
		};
/* End PBXResourcesBuildPhase section */

/* Begin PBXShellScriptBuildPhase section */
		8BFFB63EDF7307E6AE19398C /* [CP] Check Pods Manifest.lock */ = {
			isa = PBXShellScriptBuildPhase;
			buildActionMask = 2147483647;
			files = (
			);
			inputFileListPaths = (
			);
			inputPaths = (
				"${PODS_PODFILE_DIR_PATH}/Podfile.lock",
				"${PODS_ROOT}/Manifest.lock",
			);
			name = "[CP] Check Pods Manifest.lock";
			outputFileListPaths = (
			);
			outputPaths = (
				"$(DERIVED_FILE_DIR)/Pods-BaseProjectMVVM-Clean-checkManifestLockResult.txt",
			);
			runOnlyForDeploymentPostprocessing = 0;
			shellPath = /bin/sh;
			shellScript = "diff \"${PODS_PODFILE_DIR_PATH}/Podfile.lock\" \"${PODS_ROOT}/Manifest.lock\" > /dev/null\nif [ $? != 0 ] ; then\n    # print error to STDERR\n    echo \"error: The sandbox is not in sync with the Podfile.lock. Run 'pod install' or update your CocoaPods installation.\" >&2\n    exit 1\nfi\n# This output is used by Xcode 'outputs' to avoid re-running this script phase.\necho \"SUCCESS\" > \"${SCRIPT_OUTPUT_FILE_0}\"\n";
			showEnvVarsInLog = 0;
		};
		95597A82ACFAD6CD615F1F4B /* [CP] Embed Pods Frameworks */ = {
			isa = PBXShellScriptBuildPhase;
			buildActionMask = 2147483647;
			files = (
			);
			inputFileListPaths = (
				"${PODS_ROOT}/Target Support Files/Pods-BaseProjectMVVM-Clean/Pods-BaseProjectMVVM-Clean-frameworks-${CONFIGURATION}-input-files.xcfilelist",
			);
			name = "[CP] Embed Pods Frameworks";
			outputFileListPaths = (
				"${PODS_ROOT}/Target Support Files/Pods-BaseProjectMVVM-Clean/Pods-BaseProjectMVVM-Clean-frameworks-${CONFIGURATION}-output-files.xcfilelist",
			);
			runOnlyForDeploymentPostprocessing = 0;
			shellPath = /bin/sh;
			shellScript = "\"${PODS_ROOT}/Target Support Files/Pods-BaseProjectMVVM-Clean/Pods-BaseProjectMVVM-Clean-frameworks.sh\"\n";
			showEnvVarsInLog = 0;
		};
/* End PBXShellScriptBuildPhase section */

/* Begin PBXSourcesBuildPhase section */
		0A21C60428D9931D00B0C645 /* Sources */ = {
			isa = PBXSourcesBuildPhase;
			buildActionMask = 2147483647;
			files = (
				0A21C62C28D9CE9200B0C645 /* NetworkManager.swift in Sources */,
				0A21C60C28D9931D00B0C645 /* AppDelegate.swift in Sources */,
				0AA5A1FF28DB00B800E25D3E /* MovieSearchUseCase.swift in Sources */,
				0A21C62428D9CD0E00B0C645 /* HomeViewModel.swift in Sources */,
				0AA5A1FA28DAFFBF00E25D3E /* MovieDetailUseCase.swift in Sources */,
				0A21C62228D9CD0400B0C645 /* HomeViewController.swift in Sources */,
				0A21C62E28D9CEA700B0C645 /* API.swift in Sources */,
				0A21C63528D9DF0100B0C645 /* MovieDetailResponse.swift in Sources */,
				0A21C64128D9FF7300B0C645 /* BaseRepository.swift in Sources */,
				0A21C63028D9D26600B0C645 /* Constants.swift in Sources */,
				0AA5A1FD28DB00AC00E25D3E /* MoviePopularUseCase.swift in Sources */,
				0A21C63F28D9F3AC00B0C645 /* HomeRemoteDatasource.swift in Sources */,
				0A21C63D28D9F30200B0C645 /* HomeRemoteRepository.swift in Sources */,
				0A21C63728D9DF0E00B0C645 /* SearchResponse.swift in Sources */,
			);
			runOnlyForDeploymentPostprocessing = 0;
		};
/* End PBXSourcesBuildPhase section */

/* Begin PBXVariantGroup section */
		0A21C61128D9931D00B0C645 /* Main.storyboard */ = {
			isa = PBXVariantGroup;
			children = (
				0A21C61228D9931D00B0C645 /* Base */,
			);
			name = Main.storyboard;
			sourceTree = "<group>";
		};
		0A21C61628D9931E00B0C645 /* LaunchScreen.storyboard */ = {
			isa = PBXVariantGroup;
			children = (
				0A21C61728D9931E00B0C645 /* Base */,
			);
			name = LaunchScreen.storyboard;
			sourceTree = "<group>";
		};
/* End PBXVariantGroup section */

/* Begin XCBuildConfiguration section */
		0A21C61A28D9931E00B0C645 /* Debug */ = {
			isa = XCBuildConfiguration;
			buildSettings = {
				ALWAYS_SEARCH_USER_PATHS = NO;
				CLANG_ANALYZER_NONNULL = YES;
				CLANG_ANALYZER_NUMBER_OBJECT_CONVERSION = YES_AGGRESSIVE;
				CLANG_CXX_LANGUAGE_STANDARD = "gnu++20";
				CLANG_ENABLE_MODULES = YES;
				CLANG_ENABLE_OBJC_ARC = YES;
				CLANG_ENABLE_OBJC_WEAK = YES;
				CLANG_WARN_BLOCK_CAPTURE_AUTORELEASING = YES;
				CLANG_WARN_BOOL_CONVERSION = YES;
				CLANG_WARN_COMMA = YES;
				CLANG_WARN_CONSTANT_CONVERSION = YES;
				CLANG_WARN_DEPRECATED_OBJC_IMPLEMENTATIONS = YES;
				CLANG_WARN_DIRECT_OBJC_ISA_USAGE = YES_ERROR;
				CLANG_WARN_DOCUMENTATION_COMMENTS = YES;
				CLANG_WARN_EMPTY_BODY = YES;
				CLANG_WARN_ENUM_CONVERSION = YES;
				CLANG_WARN_INFINITE_RECURSION = YES;
				CLANG_WARN_INT_CONVERSION = YES;
				CLANG_WARN_NON_LITERAL_NULL_CONVERSION = YES;
				CLANG_WARN_OBJC_IMPLICIT_RETAIN_SELF = YES;
				CLANG_WARN_OBJC_LITERAL_CONVERSION = YES;
				CLANG_WARN_OBJC_ROOT_CLASS = YES_ERROR;
				CLANG_WARN_QUOTED_INCLUDE_IN_FRAMEWORK_HEADER = YES;
				CLANG_WARN_RANGE_LOOP_ANALYSIS = YES;
				CLANG_WARN_STRICT_PROTOTYPES = YES;
				CLANG_WARN_SUSPICIOUS_MOVE = YES;
				CLANG_WARN_UNGUARDED_AVAILABILITY = YES_AGGRESSIVE;
				CLANG_WARN_UNREACHABLE_CODE = YES;
				CLANG_WARN__DUPLICATE_METHOD_MATCH = YES;
				COPY_PHASE_STRIP = NO;
				DEBUG_INFORMATION_FORMAT = dwarf;
				ENABLE_STRICT_OBJC_MSGSEND = YES;
				ENABLE_TESTABILITY = YES;
				GCC_C_LANGUAGE_STANDARD = gnu11;
				GCC_DYNAMIC_NO_PIC = NO;
				GCC_NO_COMMON_BLOCKS = YES;
				GCC_OPTIMIZATION_LEVEL = 0;
				GCC_PREPROCESSOR_DEFINITIONS = (
					"DEBUG=1",
					"$(inherited)",
				);
				GCC_WARN_64_TO_32_BIT_CONVERSION = YES;
				GCC_WARN_ABOUT_RETURN_TYPE = YES_ERROR;
				GCC_WARN_UNDECLARED_SELECTOR = YES;
				GCC_WARN_UNINITIALIZED_AUTOS = YES_AGGRESSIVE;
				GCC_WARN_UNUSED_FUNCTION = YES;
				GCC_WARN_UNUSED_VARIABLE = YES;
				IPHONEOS_DEPLOYMENT_TARGET = 16.0;
				MTL_ENABLE_DEBUG_INFO = INCLUDE_SOURCE;
				MTL_FAST_MATH = YES;
				ONLY_ACTIVE_ARCH = YES;
				SDKROOT = iphoneos;
				SWIFT_ACTIVE_COMPILATION_CONDITIONS = DEBUG;
				SWIFT_OPTIMIZATION_LEVEL = "-Onone";
			};
			name = Debug;
		};
		0A21C61B28D9931E00B0C645 /* Release */ = {
			isa = XCBuildConfiguration;
			buildSettings = {
				ALWAYS_SEARCH_USER_PATHS = NO;
				CLANG_ANALYZER_NONNULL = YES;
				CLANG_ANALYZER_NUMBER_OBJECT_CONVERSION = YES_AGGRESSIVE;
				CLANG_CXX_LANGUAGE_STANDARD = "gnu++20";
				CLANG_ENABLE_MODULES = YES;
				CLANG_ENABLE_OBJC_ARC = YES;
				CLANG_ENABLE_OBJC_WEAK = YES;
				CLANG_WARN_BLOCK_CAPTURE_AUTORELEASING = YES;
				CLANG_WARN_BOOL_CONVERSION = YES;
				CLANG_WARN_COMMA = YES;
				CLANG_WARN_CONSTANT_CONVERSION = YES;
				CLANG_WARN_DEPRECATED_OBJC_IMPLEMENTATIONS = YES;
				CLANG_WARN_DIRECT_OBJC_ISA_USAGE = YES_ERROR;
				CLANG_WARN_DOCUMENTATION_COMMENTS = YES;
				CLANG_WARN_EMPTY_BODY = YES;
				CLANG_WARN_ENUM_CONVERSION = YES;
				CLANG_WARN_INFINITE_RECURSION = YES;
				CLANG_WARN_INT_CONVERSION = YES;
				CLANG_WARN_NON_LITERAL_NULL_CONVERSION = YES;
				CLANG_WARN_OBJC_IMPLICIT_RETAIN_SELF = YES;
				CLANG_WARN_OBJC_LITERAL_CONVERSION = YES;
				CLANG_WARN_OBJC_ROOT_CLASS = YES_ERROR;
				CLANG_WARN_QUOTED_INCLUDE_IN_FRAMEWORK_HEADER = YES;
				CLANG_WARN_RANGE_LOOP_ANALYSIS = YES;
				CLANG_WARN_STRICT_PROTOTYPES = YES;
				CLANG_WARN_SUSPICIOUS_MOVE = YES;
				CLANG_WARN_UNGUARDED_AVAILABILITY = YES_AGGRESSIVE;
				CLANG_WARN_UNREACHABLE_CODE = YES;
				CLANG_WARN__DUPLICATE_METHOD_MATCH = YES;
				COPY_PHASE_STRIP = NO;
				DEBUG_INFORMATION_FORMAT = "dwarf-with-dsym";
				ENABLE_NS_ASSERTIONS = NO;
				ENABLE_STRICT_OBJC_MSGSEND = YES;
				GCC_C_LANGUAGE_STANDARD = gnu11;
				GCC_NO_COMMON_BLOCKS = YES;
				GCC_WARN_64_TO_32_BIT_CONVERSION = YES;
				GCC_WARN_ABOUT_RETURN_TYPE = YES_ERROR;
				GCC_WARN_UNDECLARED_SELECTOR = YES;
				GCC_WARN_UNINITIALIZED_AUTOS = YES_AGGRESSIVE;
				GCC_WARN_UNUSED_FUNCTION = YES;
				GCC_WARN_UNUSED_VARIABLE = YES;
				IPHONEOS_DEPLOYMENT_TARGET = 16.0;
				MTL_ENABLE_DEBUG_INFO = NO;
				MTL_FAST_MATH = YES;
				SDKROOT = iphoneos;
				SWIFT_COMPILATION_MODE = wholemodule;
				SWIFT_OPTIMIZATION_LEVEL = "-O";
				VALIDATE_PRODUCT = YES;
			};
			name = Release;
		};
		0A21C61D28D9931E00B0C645 /* Debug */ = {
			isa = XCBuildConfiguration;
			baseConfigurationReference = AC6185FC553D8155290DCFC9 /* Pods-BaseProjectMVVM-Clean.debug.xcconfig */;
			buildSettings = {
				ASSETCATALOG_COMPILER_APPICON_NAME = AppIcon;
				ASSETCATALOG_COMPILER_GLOBAL_ACCENT_COLOR_NAME = AccentColor;
				CODE_SIGN_IDENTITY = "Apple Development";
				CODE_SIGN_STYLE = Automatic;
				CURRENT_PROJECT_VERSION = 1;
				DEVELOPMENT_TEAM = U56M5J5QD2;
				GENERATE_INFOPLIST_FILE = YES;
				INFOPLIST_FILE = "BaseProjectMVVM-Clean/Resources/Info.plist";
				INFOPLIST_KEY_UIApplicationSupportsIndirectInputEvents = YES;
				INFOPLIST_KEY_UILaunchStoryboardName = LaunchScreen;
				INFOPLIST_KEY_UIMainStoryboardFile = Main;
				INFOPLIST_KEY_UISupportedInterfaceOrientations_iPad = "UIInterfaceOrientationPortrait UIInterfaceOrientationPortraitUpsideDown UIInterfaceOrientationLandscapeLeft UIInterfaceOrientationLandscapeRight";
				INFOPLIST_KEY_UISupportedInterfaceOrientations_iPhone = "UIInterfaceOrientationPortrait UIInterfaceOrientationLandscapeLeft UIInterfaceOrientationLandscapeRight";
				LD_RUNPATH_SEARCH_PATHS = (
					"$(inherited)",
					"@executable_path/Frameworks",
				);
				MARKETING_VERSION = 1.0;
				PRODUCT_BUNDLE_IDENTIFIER = "com.appiskey.BaseProjectMVVM-Clean";
				PRODUCT_NAME = "$(TARGET_NAME)";
				PROVISIONING_PROFILE_SPECIFIER = "";
				SWIFT_EMIT_LOC_STRINGS = YES;
				SWIFT_VERSION = 5.0;
				TARGETED_DEVICE_FAMILY = "1,2";
			};
			name = Debug;
		};
		0A21C61E28D9931E00B0C645 /* Release */ = {
			isa = XCBuildConfiguration;
			baseConfigurationReference = E0B37E16B919E5EDF09D9E7D /* Pods-BaseProjectMVVM-Clean.release.xcconfig */;
			buildSettings = {
				ASSETCATALOG_COMPILER_APPICON_NAME = AppIcon;
				ASSETCATALOG_COMPILER_GLOBAL_ACCENT_COLOR_NAME = AccentColor;
				CODE_SIGN_IDENTITY = "Apple Development";
				CODE_SIGN_STYLE = Automatic;
				CURRENT_PROJECT_VERSION = 1;
				DEVELOPMENT_TEAM = U56M5J5QD2;
				GENERATE_INFOPLIST_FILE = YES;
				INFOPLIST_FILE = "BaseProjectMVVM-Clean/Resources/Info.plist";
				INFOPLIST_KEY_UIApplicationSupportsIndirectInputEvents = YES;
				INFOPLIST_KEY_UILaunchStoryboardName = LaunchScreen;
				INFOPLIST_KEY_UIMainStoryboardFile = Main;
				INFOPLIST_KEY_UISupportedInterfaceOrientations_iPad = "UIInterfaceOrientationPortrait UIInterfaceOrientationPortraitUpsideDown UIInterfaceOrientationLandscapeLeft UIInterfaceOrientationLandscapeRight";
				INFOPLIST_KEY_UISupportedInterfaceOrientations_iPhone = "UIInterfaceOrientationPortrait UIInterfaceOrientationLandscapeLeft UIInterfaceOrientationLandscapeRight";
				LD_RUNPATH_SEARCH_PATHS = (
					"$(inherited)",
					"@executable_path/Frameworks",
				);
				MARKETING_VERSION = 1.0;
				PRODUCT_BUNDLE_IDENTIFIER = "com.appiskey.BaseProjectMVVM-Clean";
				PRODUCT_NAME = "$(TARGET_NAME)";
				PROVISIONING_PROFILE_SPECIFIER = "";
				SWIFT_EMIT_LOC_STRINGS = YES;
				SWIFT_VERSION = 5.0;
				TARGETED_DEVICE_FAMILY = "1,2";
			};
			name = Release;
		};
/* End XCBuildConfiguration section */

/* Begin XCConfigurationList section */
		0A21C60328D9931D00B0C645 /* Build configuration list for PBXProject "BaseProjectMVVM-Clean" */ = {
			isa = XCConfigurationList;
			buildConfigurations = (
				0A21C61A28D9931E00B0C645 /* Debug */,
				0A21C61B28D9931E00B0C645 /* Release */,
			);
			defaultConfigurationIsVisible = 0;
			defaultConfigurationName = Release;
		};
		0A21C61C28D9931E00B0C645 /* Build configuration list for PBXNativeTarget "BaseProjectMVVM-Clean" */ = {
			isa = XCConfigurationList;
			buildConfigurations = (
				0A21C61D28D9931E00B0C645 /* Debug */,
				0A21C61E28D9931E00B0C645 /* Release */,
			);
			defaultConfigurationIsVisible = 0;
			defaultConfigurationName = Release;
		};
/* End XCConfigurationList section */
	};
	rootObject = 0A21C60028D9931D00B0C645 /* Project object */;
}
